PODS:
  - appmetrica_plugin (2.0.0):
    - AppMetricaAnalytics (~> 5.0)
    - Flutter
  - AppMetricaAdSupport (5.3.1):
    - AppMetricaCore (= 5.3.1)
    - AppMetricaCoreExtension (= 5.3.1)
  - AppMetricaAnalytics (5.3.1):
    - AppMetricaAdSupport (= 5.3.1)
    - AppMetricaCore (= 5.3.1)
    - AppMetricaCrashes (= 5.3.1)
    - AppMetricaWebKit (= 5.3.1)
  - AppMetricaCore (5.3.1):
    - AppMetricaCoreUtils (= 5.3.1)
    - AppMetricaEncodingUtils (= 5.3.1)
    - AppMetricaFMDB (= 5.3.1)
    - AppMetricaHostState (= 5.3.1)
    - AppMetricaLog (= 5.3.1)
    - AppMetricaNetwork (= 5.3.1)
    - AppMetricaPlatform (= 5.3.1)
    - AppMetricaProtobuf (= 5.3.1)
    - AppMetricaProtobufUtils (= 5.3.1)
    - AppMetricaStorageUtils (= 5.3.1)
  - AppMetricaCoreExtension (5.3.1):
    - AppMetricaCore (= 5.3.1)
    - AppMetricaStorageUtils (= 5.3.1)
  - AppMetricaCoreUtils (5.3.1):
    - AppMetricaLog (= 5.3.1)
  - AppMetricaCrashes (5.3.1):
    - AppMetricaCore (= 5.3.1)
    - AppMetricaCoreExtension (= 5.3.1)
    - AppMetricaCoreUtils (= 5.3.1)
    - AppMetricaEncodingUtils (= 5.3.1)
    - AppMetricaHostState (= 5.3.1)
    - AppMetricaLog (= 5.3.1)
    - AppMetricaPlatform (= 5.3.1)
    - AppMetricaProtobufUtils (= 5.3.1)
    - AppMetricaStorageUtils (= 5.3.1)
    - KSCrash/Recording (~> 1.17.0)
    - KSCrash/Recording/Tools
  - AppMetricaEncodingUtils (5.3.1):
    - AppMetricaCoreUtils (= 5.3.1)
    - AppMetricaLog (= 5.3.1)
    - AppMetricaPlatform (= 5.3.1)
  - AppMetricaFMDB (5.3.1)
  - AppMetricaHostState (5.3.1):
    - AppMetricaCoreUtils (= 5.3.1)
    - AppMetricaLog (= 5.3.1)
  - AppMetricaLog (5.3.1)
  - AppMetricaNetwork (5.3.1):
    - AppMetricaCoreUtils (= 5.3.1)
    - AppMetricaLog (= 5.3.1)
    - AppMetricaPlatform (= 5.3.1)
  - AppMetricaPlatform (5.3.1):
    - AppMetricaCoreUtils (= 5.3.1)
    - AppMetricaLog (= 5.3.1)
  - AppMetricaProtobuf (5.3.1)
  - AppMetricaProtobufUtils (5.3.1):
    - AppMetricaProtobuf (= 5.3.1)
  - AppMetricaStorageUtils (5.3.1):
    - AppMetricaCoreUtils (= 5.3.1)
    - AppMetricaLog (= 5.3.1)
  - AppMetricaWebKit (5.3.1):
    - AppMetricaCore (= 5.3.1)
    - AppMetricaCoreUtils (= 5.3.1)
    - AppMetricaLog (= 5.3.1)
  - Flutter (1.0.0)
  - flutter_native_splash (0.0.1):
    - Flutter
  - KSCrash/Recording (1.17.1):
    - KSCrash/Recording/Tools (= 1.17.1)
  - KSCrash/Recording/Tools (1.17.1)
  - path_provider_foundation (0.0.1):
    - Flutter
    - FlutterMacOS
  - shared_preferences_foundation (0.0.1):
    - Flutter
    - FlutterMacOS

DEPENDENCIES:
  - appmetrica_plugin (from `.symlinks/plugins/appmetrica_plugin/ios`)
  - Flutter (from `Flutter`)
  - flutter_native_splash (from `.symlinks/plugins/flutter_native_splash/ios`)
  - path_provider_foundation (from `.symlinks/plugins/path_provider_foundation/darwin`)
  - shared_preferences_foundation (from `.symlinks/plugins/shared_preferences_foundation/darwin`)

SPEC REPOS:
  trunk:
    - AppMetricaAdSupport
    - AppMetricaAnalytics
    - AppMetricaCore
    - AppMetricaCoreExtension
    - AppMetricaCoreUtils
    - AppMetricaCrashes
    - AppMetricaEncodingUtils
    - AppMetricaFMDB
    - AppMetricaHostState
    - AppMetricaLog
    - AppMetricaNetwork
    - AppMetricaPlatform
    - AppMetricaProtobuf
    - AppMetricaProtobufUtils
    - AppMetricaStorageUtils
    - AppMetricaWebKit
    - KSCrash

EXTERNAL SOURCES:
  appmetrica_plugin:
    :path: ".symlinks/plugins/appmetrica_plugin/ios"
  Flutter:
    :path: Flutter
  flutter_native_splash:
    :path: ".symlinks/plugins/flutter_native_splash/ios"
  path_provider_foundation:
    :path: ".symlinks/plugins/path_provider_foundation/darwin"
  shared_preferences_foundation:
    :path: ".symlinks/plugins/shared_preferences_foundation/darwin"

SPEC CHECKSUMS:
  appmetrica_plugin: a2c0136434b921bf29c955cdd5e5257e7ff072a5
  AppMetricaAdSupport: 7e86c119148811ca3fbbc80d44f0f5395b936cf8
  AppMetricaAnalytics: c4b4614b76ddfc9205e45724066c95e7d6eafa72
  AppMetricaCore: dd25affc1371d8024b3f4f46ef5bc72dff44a142
  AppMetricaCoreExtension: c73d6dc479eaa08a65c9eab92cadca2035990df5
  AppMetricaCoreUtils: e87e2da6512b1538667e3d29558babf0d6cf5d3e
  AppMetricaCrashes: b54a9a946dc12be7f5f2afc789708a299ae75dac
  AppMetricaEncodingUtils: 158e5f752f148605f851fa206b72cdec42c321cb
  AppMetricaFMDB: dc36f3c62c4cd452081d8ec0ffed01a1ef580407
  AppMetricaHostState: 49a087451b11833dd42fe816dabd04ab371ed97d
  AppMetricaLog: 02b73f47dd18080208ef55bbec18cac33af20f27
  AppMetricaNetwork: d3bb341608cae6beb2e0fa2a6fc8254f54538e1a
  AppMetricaPlatform: 9d5873ab0d92a247d1f47d4e9eaf13f0e85f0a32
  AppMetricaProtobuf: 80e7b675f0ec5aa268f88373be4ef1119f03d4fe
  AppMetricaProtobufUtils: 4357adf8911172c2a612782ceb598dd7ffbe13a7
  AppMetricaStorageUtils: e1a188166967897e0c3039b6115dc7828f988c3d
  AppMetricaWebKit: 7f9d069c685b72127fcd10e80f4534b586dd351c
  Flutter: e0871f40cf51350855a761d2e70bf5af5b9b5de7
  flutter_native_splash: edf599c81f74d093a4daf8e17bd7a018854bc778
  KSCrash: f3efccaa35b96f05744107af86f72fc531901a28
  path_provider_foundation: 3784922295ac71e43754bd15e0653ccfd36a147c
  shared_preferences_foundation: b4c3b4cddf1c21f02770737f147a3f5da9d39695

PODFILE CHECKSUM: 819463e6a0290f5a72f145ba7cde16e8b6ef0796

COCOAPODS: 1.14.3
